// !$*UTF8*$!
{
	archiveVersion = 1;
	classes = {
	};
	objectVersion = 55;
	objects = {

/* Begin PBXBuildFile section */
		88045A7328ACB3690088A69B /* WrappingHStack in Frameworks */ = {isa = PBXBuildFile; productRef = 88045A7228ACB3690088A69B /* WrappingHStack */; };
		881465437657C33409BF5420 /* libPods-Demo.a in Frameworks */ = {isa = PBXBuildFile; fileRef = 4841B1D92914016A0A19F358 /* libPods-Demo.a */; };
		886266D628BF28AF0032770D /* DDragListSwipeAction.swift in Sources */ = {isa = PBXBuildFile; fileRef = 886266D528BF28AF0032770D /* DDragListSwipeAction.swift */; };
		886266D828BF29D60032770D /* DList.swift in Sources */ = {isa = PBXBuildFile; fileRef = 886266D728BF29D60032770D /* DList.swift */; };
		886266DB28BF34960032770D /* DAlertView.swift in Sources */ = {isa = PBXBuildFile; fileRef = 886266DA28BF34960032770D /* DAlertView.swift */; };
		8865DC2A289A13E5002C9633 /* index.html in Resources */ = {isa = PBXBuildFile; fileRef = 8865DC29289A13E5002C9633 /* index.html */; };
		887DA7B828BD9E3900E3E671 /* DDragList.swift in Sources */ = {isa = PBXBuildFile; fileRef = 887DA7B728BD9E3900E3E671 /* DDragList.swift */; };
		8884757128AB60F6007AEDA8 /* WrapView.swift in Sources */ = {isa = PBXBuildFile; fileRef = 8884757028AB60F6007AEDA8 /* WrapView.swift */; };
		8898A1CF289B73D8004F2A6A /* PlayerView.swift in Sources */ = {isa = PBXBuildFile; fileRef = 8898A1CE289B73D8004F2A6A /* PlayerView.swift */; };
		8898A1D2289B745D004F2A6A /* PlayerUIView.swift in Sources */ = {isa = PBXBuildFile; fileRef = 8898A1D1289B745D004F2A6A /* PlayerUIView.swift */; };
		8898A1D4289B9CD7004F2A6A /* sample.mp4 in Resources */ = {isa = PBXBuildFile; fileRef = 8898A1D3289B9428004F2A6A /* sample.mp4 */; };
		88A80F5C28B88CBA00CA0DEE /* DAdHandler.m in Sources */ = {isa = PBXBuildFile; fileRef = 88A80F5B28B88CBA00CA0DEE /* DAdHandler.m */; };
		88AB97B528B73D3A00717D8F /* DAppDelegate.swift in Sources */ = {isa = PBXBuildFile; fileRef = 88AB97B428B73D3A00717D8F /* DAppDelegate.swift */; };
		88AB97B728B7468200717D8F /* DSplashViewByView.swift in Sources */ = {isa = PBXBuildFile; fileRef = 88AB97B628B7468200717D8F /* DSplashViewByView.swift */; };
		88CA79B428ADDFC00030A263 /* FilterView.swift in Sources */ = {isa = PBXBuildFile; fileRef = 88CA79B328ADDFC00030A263 /* FilterView.swift */; };
		88DBC0CE28BC6A12005F15A8 /* DSplashView.swift in Sources */ = {isa = PBXBuildFile; fileRef = 88DBC0CD28BC6A12005F15A8 /* DSplashView.swift */; };
		88EB1BF52899010B00BF7E8F /* DemoApp.swift in Sources */ = {isa = PBXBuildFile; fileRef = 88EB1BF42899010B00BF7E8F /* DemoApp.swift */; };
		88EB1BF72899010B00BF7E8F /* ContentView.swift in Sources */ = {isa = PBXBuildFile; fileRef = 88EB1BF62899010B00BF7E8F /* ContentView.swift */; };
		88EB1BF92899010D00BF7E8F /* Assets.xcassets in Resources */ = {isa = PBXBuildFile; fileRef = 88EB1BF82899010D00BF7E8F /* Assets.xcassets */; };
		88EB1BFC2899010D00BF7E8F /* Preview Assets.xcassets in Resources */ = {isa = PBXBuildFile; fileRef = 88EB1BFB2899010D00BF7E8F /* Preview Assets.xcassets */; };
		88EB1C062899010D00BF7E8F /* DemoTests.swift in Sources */ = {isa = PBXBuildFile; fileRef = 88EB1C052899010D00BF7E8F /* DemoTests.swift */; };
		88EB1C102899010D00BF7E8F /* DemoUITests.swift in Sources */ = {isa = PBXBuildFile; fileRef = 88EB1C0F2899010D00BF7E8F /* DemoUITests.swift */; };
		88EB1C122899010D00BF7E8F /* DemoUITestsLaunchTests.swift in Sources */ = {isa = PBXBuildFile; fileRef = 88EB1C112899010D00BF7E8F /* DemoUITestsLaunchTests.swift */; };
		88EB1C1F2899015E00BF7E8F /* DemoWKWebView.swift in Sources */ = {isa = PBXBuildFile; fileRef = 88EB1C1E2899015E00BF7E8F /* DemoWKWebView.swift */; };
		88EB1C222899023300BF7E8F /* WebView.swift in Sources */ = {isa = PBXBuildFile; fileRef = 88EB1C212899023300BF7E8F /* WebView.swift */; };
		88FFBD90289CAC27007D500E /* DAccountView.swift in Sources */ = {isa = PBXBuildFile; fileRef = 88FFBD8F289CAC27007D500E /* DAccountView.swift */; };
		88FFBD93289CAFB3007D500E /* DAccountButton.swift in Sources */ = {isa = PBXBuildFile; fileRef = 88FFBD92289CAFB3007D500E /* DAccountButton.swift */; };
/* End PBXBuildFile section */

/* Begin PBXContainerItemProxy section */
		88EB1C022899010D00BF7E8F /* PBXContainerItemProxy */ = {
			isa = PBXContainerItemProxy;
			containerPortal = 88EB1BE92899010B00BF7E8F /* Project object */;
			proxyType = 1;
			remoteGlobalIDString = 88EB1BF02899010B00BF7E8F;
			remoteInfo = Demo;
		};
		88EB1C0C2899010D00BF7E8F /* PBXContainerItemProxy */ = {
			isa = PBXContainerItemProxy;
			containerPortal = 88EB1BE92899010B00BF7E8F /* Project object */;
			proxyType = 1;
			remoteGlobalIDString = 88EB1BF02899010B00BF7E8F;
			remoteInfo = Demo;
		};
/* End PBXContainerItemProxy section */

/* Begin PBXFileReference section */
		1F4C9BF1AA48FA3FEA3DDD44 /* Pods-Demo.debug.xcconfig */ = {isa = PBXFileReference; includeInIndex = 1; lastKnownFileType = text.xcconfig; name = "Pods-Demo.debug.xcconfig"; path = "Target Support Files/Pods-Demo/Pods-Demo.debug.xcconfig"; sourceTree = "<group>"; };
		4841B1D92914016A0A19F358 /* libPods-Demo.a */ = {isa = PBXFileReference; explicitFileType = archive.ar; includeInIndex = 0; path = "libPods-Demo.a"; sourceTree = BUILT_PRODUCTS_DIR; };
		4893B7D761DB69FC61461B9F /* Pods-Demo.release.xcconfig */ = {isa = PBXFileReference; includeInIndex = 1; lastKnownFileType = text.xcconfig; name = "Pods-Demo.release.xcconfig"; path = "Target Support Files/Pods-Demo/Pods-Demo.release.xcconfig"; sourceTree = "<group>"; };
		886266D528BF28AF0032770D /* DDragListSwipeAction.swift */ = {isa = PBXFileReference; lastKnownFileType = sourcecode.swift; path = DDragListSwipeAction.swift; sourceTree = "<group>"; };
		886266D728BF29D60032770D /* DList.swift */ = {isa = PBXFileReference; lastKnownFileType = sourcecode.swift; path = DList.swift; sourceTree = "<group>"; };
		886266DA28BF34960032770D /* DAlertView.swift */ = {isa = PBXFileReference; lastKnownFileType = sourcecode.swift; path = DAlertView.swift; sourceTree = "<group>"; };
		8865DC29289A13E5002C9633 /* index.html */ = {isa = PBXFileReference; lastKnownFileType = text.html; path = index.html; sourceTree = "<group>"; };
		887DA7B728BD9E3900E3E671 /* DDragList.swift */ = {isa = PBXFileReference; lastKnownFileType = sourcecode.swift; path = DDragList.swift; sourceTree = "<group>"; };
		8884757028AB60F6007AEDA8 /* WrapView.swift */ = {isa = PBXFileReference; lastKnownFileType = sourcecode.swift; path = WrapView.swift; sourceTree = "<group>"; };
		8898A1CE289B73D8004F2A6A /* PlayerView.swift */ = {isa = PBXFileReference; lastKnownFileType = sourcecode.swift; path = PlayerView.swift; sourceTree = "<group>"; };
		8898A1D1289B745D004F2A6A /* PlayerUIView.swift */ = {isa = PBXFileReference; lastKnownFileType = sourcecode.swift; path = PlayerUIView.swift; sourceTree = "<group>"; };
		8898A1D3289B9428004F2A6A /* sample.mp4 */ = {isa = PBXFileReference; lastKnownFileType = file; path = sample.mp4; sourceTree = "<group>"; };
		88A80F5728B88C0400CA0DEE /* Demo-Bridging-Header.h */ = {isa = PBXFileReference; lastKnownFileType = sourcecode.c.h; path = "Demo-Bridging-Header.h"; sourceTree = "<group>"; };
		88A80F5B28B88CBA00CA0DEE /* DAdHandler.m */ = {isa = PBXFileReference; lastKnownFileType = sourcecode.c.objc; path = DAdHandler.m; sourceTree = "<group>"; };
		88A80F5D28B88CE100CA0DEE /* DAdHandler.h */ = {isa = PBXFileReference; lastKnownFileType = sourcecode.c.h; path = DAdHandler.h; sourceTree = "<group>"; };
		88AB97B228B73AB000717D8F /* Info.plist */ = {isa = PBXFileReference; lastKnownFileType = text.plist; path = Info.plist; sourceTree = "<group>"; };
		88AB97B428B73D3A00717D8F /* DAppDelegate.swift */ = {isa = PBXFileReference; lastKnownFileType = sourcecode.swift; path = DAppDelegate.swift; sourceTree = "<group>"; };
		88AB97B628B7468200717D8F /* DSplashViewByView.swift */ = {isa = PBXFileReference; lastKnownFileType = sourcecode.swift; path = DSplashViewByView.swift; sourceTree = "<group>"; };
		88CA79B328ADDFC00030A263 /* FilterView.swift */ = {isa = PBXFileReference; lastKnownFileType = sourcecode.swift; path = FilterView.swift; sourceTree = "<group>"; };
		88DBC0CD28BC6A12005F15A8 /* DSplashView.swift */ = {isa = PBXFileReference; lastKnownFileType = sourcecode.swift; path = DSplashView.swift; sourceTree = "<group>"; };
		88EB1BF12899010B00BF7E8F /* Demo.app */ = {isa = PBXFileReference; explicitFileType = wrapper.application; includeInIndex = 0; path = Demo.app; sourceTree = BUILT_PRODUCTS_DIR; };
		88EB1BF42899010B00BF7E8F /* DemoApp.swift */ = {isa = PBXFileReference; lastKnownFileType = sourcecode.swift; path = DemoApp.swift; sourceTree = "<group>"; };
		88EB1BF62899010B00BF7E8F /* ContentView.swift */ = {isa = PBXFileReference; lastKnownFileType = sourcecode.swift; path = ContentView.swift; sourceTree = "<group>"; };
		88EB1BF82899010D00BF7E8F /* Assets.xcassets */ = {isa = PBXFileReference; lastKnownFileType = folder.assetcatalog; path = Assets.xcassets; sourceTree = "<group>"; };
		88EB1BFB2899010D00BF7E8F /* Preview Assets.xcassets */ = {isa = PBXFileReference; lastKnownFileType = folder.assetcatalog; path = "Preview Assets.xcassets"; sourceTree = "<group>"; };
		88EB1C012899010D00BF7E8F /* DemoTests.xctest */ = {isa = PBXFileReference; explicitFileType = wrapper.cfbundle; includeInIndex = 0; path = DemoTests.xctest; sourceTree = BUILT_PRODUCTS_DIR; };
		88EB1C052899010D00BF7E8F /* DemoTests.swift */ = {isa = PBXFileReference; lastKnownFileType = sourcecode.swift; path = DemoTests.swift; sourceTree = "<group>"; };
		88EB1C0B2899010D00BF7E8F /* DemoUITests.xctest */ = {isa = PBXFileReference; explicitFileType = wrapper.cfbundle; includeInIndex = 0; path = DemoUITests.xctest; sourceTree = BUILT_PRODUCTS_DIR; };
		88EB1C0F2899010D00BF7E8F /* DemoUITests.swift */ = {isa = PBXFileReference; lastKnownFileType = sourcecode.swift; path = DemoUITests.swift; sourceTree = "<group>"; };
		88EB1C112899010D00BF7E8F /* DemoUITestsLaunchTests.swift */ = {isa = PBXFileReference; lastKnownFileType = sourcecode.swift; path = DemoUITestsLaunchTests.swift; sourceTree = "<group>"; };
		88EB1C1E2899015E00BF7E8F /* DemoWKWebView.swift */ = {isa = PBXFileReference; lastKnownFileType = sourcecode.swift; path = DemoWKWebView.swift; sourceTree = "<group>"; };
		88EB1C212899023300BF7E8F /* WebView.swift */ = {isa = PBXFileReference; lastKnownFileType = sourcecode.swift; path = WebView.swift; sourceTree = "<group>"; };
		88FFBD8F289CAC27007D500E /* DAccountView.swift */ = {isa = PBXFileReference; lastKnownFileType = sourcecode.swift; path = DAccountView.swift; sourceTree = "<group>"; };
		88FFBD92289CAFB3007D500E /* DAccountButton.swift */ = {isa = PBXFileReference; lastKnownFileType = sourcecode.swift; path = DAccountButton.swift; sourceTree = "<group>"; };
		88FFBD94289CB07A007D500E /* Demo.entitlements */ = {isa = PBXFileReference; lastKnownFileType = text.plist.entitlements; path = Demo.entitlements; sourceTree = "<group>"; };
/* End PBXFileReference section */

/* Begin PBXFrameworksBuildPhase section */
		88EB1BEE2899010B00BF7E8F /* Frameworks */ = {
			isa = PBXFrameworksBuildPhase;
			buildActionMask = 2147483647;
			files = (
				88045A7328ACB3690088A69B /* WrappingHStack in Frameworks */,
				881465437657C33409BF5420 /* libPods-Demo.a in Frameworks */,
			);
			runOnlyForDeploymentPostprocessing = 0;
		};
		88EB1BFE2899010D00BF7E8F /* Frameworks */ = {
			isa = PBXFrameworksBuildPhase;
			buildActionMask = 2147483647;
			files = (
			);
			runOnlyForDeploymentPostprocessing = 0;
		};
		88EB1C082899010D00BF7E8F /* Frameworks */ = {
			isa = PBXFrameworksBuildPhase;
			buildActionMask = 2147483647;
			files = (
			);
			runOnlyForDeploymentPostprocessing = 0;
		};
/* End PBXFrameworksBuildPhase section */

/* Begin PBXGroup section */
		249ED1D6B66B24F818F76CC8 /* Pods */ = {
			isa = PBXGroup;
			children = (
				1F4C9BF1AA48FA3FEA3DDD44 /* Pods-Demo.debug.xcconfig */,
				4893B7D761DB69FC61461B9F /* Pods-Demo.release.xcconfig */,
			);
			path = Pods;
			sourceTree = "<group>";
		};
		84AA0A9E0AF678D52BB66FCA /* Frameworks */ = {
			isa = PBXGroup;
			children = (
				4841B1D92914016A0A19F358 /* libPods-Demo.a */,
			);
			name = Frameworks;
			sourceTree = "<group>";
		};
		886266D928BF34860032770D /* DAlert */ = {
			isa = PBXGroup;
			children = (
				886266DA28BF34960032770D /* DAlertView.swift */,
			);
			path = DAlert;
			sourceTree = "<group>";
		};
		887DA7B628BD9E2500E3E671 /* List */ = {
			isa = PBXGroup;
			children = (
				887DA7B728BD9E3900E3E671 /* DDragList.swift */,
				886266D528BF28AF0032770D /* DDragListSwipeAction.swift */,
				886266D728BF29D60032770D /* DList.swift */,
			);
			path = List;
			sourceTree = "<group>";
		};
		8898A1D0289B73DE004F2A6A /* PlayerView */ = {
			isa = PBXGroup;
			children = (
				8898A1D3289B9428004F2A6A /* sample.mp4 */,
				8898A1CE289B73D8004F2A6A /* PlayerView.swift */,
				8898A1D1289B745D004F2A6A /* PlayerUIView.swift */,
			);
			path = PlayerView;
			sourceTree = "<group>";
		};
		88AB97B328B73D2D00717D8F /* Ads */ = {
			isa = PBXGroup;
			children = (
				88AB97B428B73D3A00717D8F /* DAppDelegate.swift */,
				88A80F5D28B88CE100CA0DEE /* DAdHandler.h */,
				88A80F5B28B88CBA00CA0DEE /* DAdHandler.m */,
				88AB97B628B7468200717D8F /* DSplashViewByView.swift */,
				88DBC0CD28BC6A12005F15A8 /* DSplashView.swift */,
			);
			path = Ads;
			sourceTree = "<group>";
		};
		88EB1BE82899010B00BF7E8F = {
			isa = PBXGroup;
			children = (
				88EB1BF32899010B00BF7E8F /* Demo */,
				88EB1C042899010D00BF7E8F /* DemoTests */,
				88EB1C0E2899010D00BF7E8F /* DemoUITests */,
				88EB1BF22899010B00BF7E8F /* Products */,
				249ED1D6B66B24F818F76CC8 /* Pods */,
				84AA0A9E0AF678D52BB66FCA /* Frameworks */,
			);
			sourceTree = "<group>";
		};
		88EB1BF22899010B00BF7E8F /* Products */ = {
			isa = PBXGroup;
			children = (
				88EB1BF12899010B00BF7E8F /* Demo.app */,
				88EB1C012899010D00BF7E8F /* DemoTests.xctest */,
				88EB1C0B2899010D00BF7E8F /* DemoUITests.xctest */,
			);
			name = Products;
			sourceTree = "<group>";
		};
		88EB1BF32899010B00BF7E8F /* Demo */ = {
			isa = PBXGroup;
			children = (
				88A80F5728B88C0400CA0DEE /* Demo-Bridging-Header.h */,
				88AB97B228B73AB000717D8F /* Info.plist */,
				88FFBD94289CB07A007D500E /* Demo.entitlements */,
				88EB1BF42899010B00BF7E8F /* DemoApp.swift */,
				88EB1BF62899010B00BF7E8F /* ContentView.swift */,
				8884757028AB60F6007AEDA8 /* WrapView.swift */,
				88CA79B328ADDFC00030A263 /* FilterView.swift */,
				886266D928BF34860032770D /* DAlert */,
				887DA7B628BD9E2500E3E671 /* List */,
				88AB97B328B73D2D00717D8F /* Ads */,
				88FFBD91289CAF8A007D500E /* AccountView */,
				8898A1D0289B73DE004F2A6A /* PlayerView */,
				88EB1C202899021900BF7E8F /* WebView */,
				88EB1BF82899010D00BF7E8F /* Assets.xcassets */,
				88EB1BFA2899010D00BF7E8F /* Preview Content */,
			);
			path = Demo;
			sourceTree = "<group>";
		};
		88EB1BFA2899010D00BF7E8F /* Preview Content */ = {
			isa = PBXGroup;
			children = (
				88EB1BFB2899010D00BF7E8F /* Preview Assets.xcassets */,
			);
			path = "Preview Content";
			sourceTree = "<group>";
		};
		88EB1C042899010D00BF7E8F /* DemoTests */ = {
			isa = PBXGroup;
			children = (
				88EB1C052899010D00BF7E8F /* DemoTests.swift */,
			);
			path = DemoTests;
			sourceTree = "<group>";
		};
		88EB1C0E2899010D00BF7E8F /* DemoUITests */ = {
			isa = PBXGroup;
			children = (
				88EB1C0F2899010D00BF7E8F /* DemoUITests.swift */,
				88EB1C112899010D00BF7E8F /* DemoUITestsLaunchTests.swift */,
			);
			path = DemoUITests;
			sourceTree = "<group>";
		};
		88EB1C202899021900BF7E8F /* WebView */ = {
			isa = PBXGroup;
			children = (
				88EB1C1E2899015E00BF7E8F /* DemoWKWebView.swift */,
				88EB1C212899023300BF7E8F /* WebView.swift */,
				8865DC29289A13E5002C9633 /* index.html */,
			);
			name = WebView;
			sourceTree = "<group>";
		};
		88FFBD91289CAF8A007D500E /* AccountView */ = {
			isa = PBXGroup;
			children = (
				88FFBD8F289CAC27007D500E /* DAccountView.swift */,
				88FFBD92289CAFB3007D500E /* DAccountButton.swift */,
			);
			path = AccountView;
			sourceTree = "<group>";
		};
/* End PBXGroup section */

/* Begin PBXNativeTarget section */
		88EB1BF02899010B00BF7E8F /* Demo */ = {
			isa = PBXNativeTarget;
			buildConfigurationList = 88EB1C152899010D00BF7E8F /* Build configuration list for PBXNativeTarget "Demo" */;
			buildPhases = (
				13E7A3EA9EABC52125CD0A83 /* [CP] Check Pods Manifest.lock */,
				88EB1BED2899010B00BF7E8F /* Sources */,
				88EB1BEE2899010B00BF7E8F /* Frameworks */,
				88EB1BEF2899010B00BF7E8F /* Resources */,
				FCF7DC92116188952AC3BD92 /* [CP] Copy Pods Resources */,
			);
			buildRules = (
			);
			dependencies = (
			);
			name = Demo;
			packageProductDependencies = (
				88045A7228ACB3690088A69B /* WrappingHStack */,
			);
			productName = Demo;
			productReference = 88EB1BF12899010B00BF7E8F /* Demo.app */;
			productType = "com.apple.product-type.application";
		};
		88EB1C002899010D00BF7E8F /* DemoTests */ = {
			isa = PBXNativeTarget;
			buildConfigurationList = 88EB1C182899010D00BF7E8F /* Build configuration list for PBXNativeTarget "DemoTests" */;
			buildPhases = (
				88EB1BFD2899010D00BF7E8F /* Sources */,
				88EB1BFE2899010D00BF7E8F /* Frameworks */,
				88EB1BFF2899010D00BF7E8F /* Resources */,
			);
			buildRules = (
			);
			dependencies = (
				88EB1C032899010D00BF7E8F /* PBXTargetDependency */,
			);
			name = DemoTests;
			productName = DemoTests;
			productReference = 88EB1C012899010D00BF7E8F /* DemoTests.xctest */;
			productType = "com.apple.product-type.bundle.unit-test";
		};
		88EB1C0A2899010D00BF7E8F /* DemoUITests */ = {
			isa = PBXNativeTarget;
			buildConfigurationList = 88EB1C1B2899010D00BF7E8F /* Build configuration list for PBXNativeTarget "DemoUITests" */;
			buildPhases = (
				88EB1C072899010D00BF7E8F /* Sources */,
				88EB1C082899010D00BF7E8F /* Frameworks */,
				88EB1C092899010D00BF7E8F /* Resources */,
			);
			buildRules = (
			);
			dependencies = (
				88EB1C0D2899010D00BF7E8F /* PBXTargetDependency */,
			);
			name = DemoUITests;
			productName = DemoUITests;
			productReference = 88EB1C0B2899010D00BF7E8F /* DemoUITests.xctest */;
			productType = "com.apple.product-type.bundle.ui-testing";
		};
/* End PBXNativeTarget section */

/* Begin PBXProject section */
		88EB1BE92899010B00BF7E8F /* Project object */ = {
			isa = PBXProject;
			attributes = {
				BuildIndependentTargetsInParallel = 1;
				LastSwiftUpdateCheck = 1340;
				LastUpgradeCheck = 1340;
				TargetAttributes = {
					88EB1BF02899010B00BF7E8F = {
						CreatedOnToolsVersion = 13.4.1;
						LastSwiftMigration = 1340;
					};
					88EB1C002899010D00BF7E8F = {
						CreatedOnToolsVersion = 13.4.1;
						TestTargetID = 88EB1BF02899010B00BF7E8F;
					};
					88EB1C0A2899010D00BF7E8F = {
						CreatedOnToolsVersion = 13.4.1;
						TestTargetID = 88EB1BF02899010B00BF7E8F;
					};
				};
			};
			buildConfigurationList = 88EB1BEC2899010B00BF7E8F /* Build configuration list for PBXProject "Demo" */;
			compatibilityVersion = "Xcode 13.0";
			developmentRegion = en;
			hasScannedForEncodings = 0;
			knownRegions = (
				en,
				Base,
				"zh-Hans",
			);
			mainGroup = 88EB1BE82899010B00BF7E8F;
			packageReferences = (
				88045A7128ACB3690088A69B /* XCRemoteSwiftPackageReference "WrappingHStack" */,
			);
			productRefGroup = 88EB1BF22899010B00BF7E8F /* Products */;
			projectDirPath = "";
			projectRoot = "";
			targets = (
				88EB1BF02899010B00BF7E8F /* Demo */,
				88EB1C002899010D00BF7E8F /* DemoTests */,
				88EB1C0A2899010D00BF7E8F /* DemoUITests */,
			);
		};
/* End PBXProject section */

/* Begin PBXResourcesBuildPhase section */
		88EB1BEF2899010B00BF7E8F /* Resources */ = {
			isa = PBXResourcesBuildPhase;
			buildActionMask = 2147483647;
			files = (
				8898A1D4289B9CD7004F2A6A /* sample.mp4 in Resources */,
				8865DC2A289A13E5002C9633 /* index.html in Resources */,
				88EB1BFC2899010D00BF7E8F /* Preview Assets.xcassets in Resources */,
				88EB1BF92899010D00BF7E8F /* Assets.xcassets in Resources */,
			);
			runOnlyForDeploymentPostprocessing = 0;
		};
		88EB1BFF2899010D00BF7E8F /* Resources */ = {
			isa = PBXResourcesBuildPhase;
			buildActionMask = 2147483647;
			files = (
			);
			runOnlyForDeploymentPostprocessing = 0;
		};
		88EB1C092899010D00BF7E8F /* Resources */ = {
			isa = PBXResourcesBuildPhase;
			buildActionMask = 2147483647;
			files = (
			);
			runOnlyForDeploymentPostprocessing = 0;
		};
/* End PBXResourcesBuildPhase section */

/* Begin PBXShellScriptBuildPhase section */
		13E7A3EA9EABC52125CD0A83 /* [CP] Check Pods Manifest.lock */ = {
			isa = PBXShellScriptBuildPhase;
			buildActionMask = 2147483647;
			files = (
			);
			inputFileListPaths = (
			);
			inputPaths = (
				"${PODS_PODFILE_DIR_PATH}/Podfile.lock",
				"${PODS_ROOT}/Manifest.lock",
			);
			name = "[CP] Check Pods Manifest.lock";
			outputFileListPaths = (
			);
			outputPaths = (
				"$(DERIVED_FILE_DIR)/Pods-Demo-checkManifestLockResult.txt",
			);
			runOnlyForDeploymentPostprocessing = 0;
			shellPath = /bin/sh;
			shellScript = "diff \"${PODS_PODFILE_DIR_PATH}/Podfile.lock\" \"${PODS_ROOT}/Manifest.lock\" > /dev/null\nif [ $? != 0 ] ; then\n    # print error to STDERR\n    echo \"error: The sandbox is not in sync with the Podfile.lock. Run 'pod install' or update your CocoaPods installation.\" >&2\n    exit 1\nfi\n# This output is used by Xcode 'outputs' to avoid re-running this script phase.\necho \"SUCCESS\" > \"${SCRIPT_OUTPUT_FILE_0}\"\n";
			showEnvVarsInLog = 0;
		};
		FCF7DC92116188952AC3BD92 /* [CP] Copy Pods Resources */ = {
			isa = PBXShellScriptBuildPhase;
			buildActionMask = 2147483647;
			files = (
			);
			inputFileListPaths = (
				"${PODS_ROOT}/Target Support Files/Pods-Demo/Pods-Demo-resources-${CONFIGURATION}-input-files.xcfilelist",
			);
			name = "[CP] Copy Pods Resources";
			outputFileListPaths = (
				"${PODS_ROOT}/Target Support Files/Pods-Demo/Pods-Demo-resources-${CONFIGURATION}-output-files.xcfilelist",
			);
			runOnlyForDeploymentPostprocessing = 0;
			shellPath = /bin/sh;
			shellScript = "\"${PODS_ROOT}/Target Support Files/Pods-Demo/Pods-Demo-resources.sh\"\n";
			showEnvVarsInLog = 0;
		};
/* End PBXShellScriptBuildPhase section */

/* Begin PBXSourcesBuildPhase section */
		88EB1BED2899010B00BF7E8F /* Sources */ = {
			isa = PBXSourcesBuildPhase;
			buildActionMask = 2147483647;
			files = (
				88AB97B528B73D3A00717D8F /* DAppDelegate.swift in Sources */,
				88EB1C1F2899015E00BF7E8F /* DemoWKWebView.swift in Sources */,
				88FFBD93289CAFB3007D500E /* DAccountButton.swift in Sources */,
				88EB1C222899023300BF7E8F /* WebView.swift in Sources */,
				886266DB28BF34960032770D /* DAlertView.swift in Sources */,
				88DBC0CE28BC6A12005F15A8 /* DSplashView.swift in Sources */,
				88EB1BF72899010B00BF7E8F /* ContentView.swift in Sources */,
				8898A1CF289B73D8004F2A6A /* PlayerView.swift in Sources */,
				88EB1BF52899010B00BF7E8F /* DemoApp.swift in Sources */,
				8884757128AB60F6007AEDA8 /* WrapView.swift in Sources */,
				8898A1D2289B745D004F2A6A /* PlayerUIView.swift in Sources */,
				88A80F5C28B88CBA00CA0DEE /* DAdHandler.m in Sources */,
				886266D628BF28AF0032770D /* DDragListSwipeAction.swift in Sources */,
				887DA7B828BD9E3900E3E671 /* DDragList.swift in Sources */,
				886266D828BF29D60032770D /* DList.swift in Sources */,
				88CA79B428ADDFC00030A263 /* FilterView.swift in Sources */,
				88AB97B728B7468200717D8F /* DSplashViewByView.swift in Sources */,
				88FFBD90289CAC27007D500E /* DAccountView.swift in Sources */,
			);
			runOnlyForDeploymentPostprocessing = 0;
		};
		88EB1BFD2899010D00BF7E8F /* Sources */ = {
			isa = PBXSourcesBuildPhase;
			buildActionMask = 2147483647;
			files = (
				88EB1C062899010D00BF7E8F /* DemoTests.swift in Sources */,
			);
			runOnlyForDeploymentPostprocessing = 0;
		};
		88EB1C072899010D00BF7E8F /* Sources */ = {
			isa = PBXSourcesBuildPhase;
			buildActionMask = 2147483647;
			files = (
				88EB1C102899010D00BF7E8F /* DemoUITests.swift in Sources */,
				88EB1C122899010D00BF7E8F /* DemoUITestsLaunchTests.swift in Sources */,
			);
			runOnlyForDeploymentPostprocessing = 0;
		};
/* End PBXSourcesBuildPhase section */

/* Begin PBXTargetDependency section */
		88EB1C032899010D00BF7E8F /* PBXTargetDependency */ = {
			isa = PBXTargetDependency;
			target = 88EB1BF02899010B00BF7E8F /* Demo */;
			targetProxy = 88EB1C022899010D00BF7E8F /* PBXContainerItemProxy */;
		};
		88EB1C0D2899010D00BF7E8F /* PBXTargetDependency */ = {
			isa = PBXTargetDependency;
			target = 88EB1BF02899010B00BF7E8F /* Demo */;
			targetProxy = 88EB1C0C2899010D00BF7E8F /* PBXContainerItemProxy */;
		};
/* End PBXTargetDependency section */

/* Begin XCBuildConfiguration section */
		88EB1C132899010D00BF7E8F /* Debug */ = {
			isa = XCBuildConfiguration;
			buildSettings = {
				ALWAYS_SEARCH_USER_PATHS = NO;
				CLANG_ANALYZER_NONNULL = YES;
				CLANG_ANALYZER_NUMBER_OBJECT_CONVERSION = YES_AGGRESSIVE;
				CLANG_CXX_LANGUAGE_STANDARD = "gnu++17";
				CLANG_ENABLE_MODULES = YES;
				CLANG_ENABLE_OBJC_ARC = YES;
				CLANG_ENABLE_OBJC_WEAK = YES;
				CLANG_WARN_BLOCK_CAPTURE_AUTORELEASING = YES;
				CLANG_WARN_BOOL_CONVERSION = YES;
				CLANG_WARN_COMMA = YES;
				CLANG_WARN_CONSTANT_CONVERSION = YES;
				CLANG_WARN_DEPRECATED_OBJC_IMPLEMENTATIONS = YES;
				CLANG_WARN_DIRECT_OBJC_ISA_USAGE = YES_ERROR;
				CLANG_WARN_DOCUMENTATION_COMMENTS = YES;
				CLANG_WARN_EMPTY_BODY = YES;
				CLANG_WARN_ENUM_CONVERSION = YES;
				CLANG_WARN_INFINITE_RECURSION = YES;
				CLANG_WARN_INT_CONVERSION = YES;
				CLANG_WARN_NON_LITERAL_NULL_CONVERSION = YES;
				CLANG_WARN_OBJC_IMPLICIT_RETAIN_SELF = YES;
				CLANG_WARN_OBJC_LITERAL_CONVERSION = YES;
				CLANG_WARN_OBJC_ROOT_CLASS = YES_ERROR;
				CLANG_WARN_QUOTED_INCLUDE_IN_FRAMEWORK_HEADER = YES;
				CLANG_WARN_RANGE_LOOP_ANALYSIS = YES;
				CLANG_WARN_STRICT_PROTOTYPES = YES;
				CLANG_WARN_SUSPICIOUS_MOVE = YES;
				CLANG_WARN_UNGUARDED_AVAILABILITY = YES_AGGRESSIVE;
				CLANG_WARN_UNREACHABLE_CODE = YES;
				CLANG_WARN__DUPLICATE_METHOD_MATCH = YES;
				COPY_PHASE_STRIP = NO;
				DEBUG_INFORMATION_FORMAT = dwarf;
				ENABLE_STRICT_OBJC_MSGSEND = YES;
				ENABLE_TESTABILITY = YES;
				GCC_C_LANGUAGE_STANDARD = gnu11;
				GCC_DYNAMIC_NO_PIC = NO;
				GCC_NO_COMMON_BLOCKS = YES;
				GCC_OPTIMIZATION_LEVEL = 0;
				GCC_PREPROCESSOR_DEFINITIONS = (
					"DEBUG=1",
					"$(inherited)",
				);
				GCC_WARN_64_TO_32_BIT_CONVERSION = YES;
				GCC_WARN_ABOUT_RETURN_TYPE = YES_ERROR;
				GCC_WARN_UNDECLARED_SELECTOR = YES;
				GCC_WARN_UNINITIALIZED_AUTOS = YES_AGGRESSIVE;
				GCC_WARN_UNUSED_FUNCTION = YES;
				GCC_WARN_UNUSED_VARIABLE = YES;
				IPHONEOS_DEPLOYMENT_TARGET = 15.0;
				MTL_ENABLE_DEBUG_INFO = INCLUDE_SOURCE;
				MTL_FAST_MATH = YES;
				ONLY_ACTIVE_ARCH = YES;
				SDKROOT = iphoneos;
				SWIFT_ACTIVE_COMPILATION_CONDITIONS = DEBUG;
				SWIFT_OPTIMIZATION_LEVEL = "-Onone";
			};
			name = Debug;
		};
		88EB1C142899010D00BF7E8F /* Release */ = {
			isa = XCBuildConfiguration;
			buildSettings = {
				ALWAYS_SEARCH_USER_PATHS = NO;
				CLANG_ANALYZER_NONNULL = YES;
				CLANG_ANALYZER_NUMBER_OBJECT_CONVERSION = YES_AGGRESSIVE;
				CLANG_CXX_LANGUAGE_STANDARD = "gnu++17";
				CLANG_ENABLE_MODULES = YES;
				CLANG_ENABLE_OBJC_ARC = YES;
				CLANG_ENABLE_OBJC_WEAK = YES;
				CLANG_WARN_BLOCK_CAPTURE_AUTORELEASING = YES;
				CLANG_WARN_BOOL_CONVERSION = YES;
				CLANG_WARN_COMMA = YES;
				CLANG_WARN_CONSTANT_CONVERSION = YES;
				CLANG_WARN_DEPRECATED_OBJC_IMPLEMENTATIONS = YES;
				CLANG_WARN_DIRECT_OBJC_ISA_USAGE = YES_ERROR;
				CLANG_WARN_DOCUMENTATION_COMMENTS = YES;
				CLANG_WARN_EMPTY_BODY = YES;
				CLANG_WARN_ENUM_CONVERSION = YES;
				CLANG_WARN_INFINITE_RECURSION = YES;
				CLANG_WARN_INT_CONVERSION = YES;
				CLANG_WARN_NON_LITERAL_NULL_CONVERSION = YES;
				CLANG_WARN_OBJC_IMPLICIT_RETAIN_SELF = YES;
				CLANG_WARN_OBJC_LITERAL_CONVERSION = YES;
				CLANG_WARN_OBJC_ROOT_CLASS = YES_ERROR;
				CLANG_WARN_QUOTED_INCLUDE_IN_FRAMEWORK_HEADER = YES;
				CLANG_WARN_RANGE_LOOP_ANALYSIS = YES;
				CLANG_WARN_STRICT_PROTOTYPES = YES;
				CLANG_WARN_SUSPICIOUS_MOVE = YES;
				CLANG_WARN_UNGUARDED_AVAILABILITY = YES_AGGRESSIVE;
				CLANG_WARN_UNREACHABLE_CODE = YES;
				CLANG_WARN__DUPLICATE_METHOD_MATCH = YES;
				COPY_PHASE_STRIP = NO;
				DEBUG_INFORMATION_FORMAT = "dwarf-with-dsym";
				ENABLE_NS_ASSERTIONS = NO;
				ENABLE_STRICT_OBJC_MSGSEND = YES;
				GCC_C_LANGUAGE_STANDARD = gnu11;
				GCC_NO_COMMON_BLOCKS = YES;
				GCC_WARN_64_TO_32_BIT_CONVERSION = YES;
				GCC_WARN_ABOUT_RETURN_TYPE = YES_ERROR;
				GCC_WARN_UNDECLARED_SELECTOR = YES;
				GCC_WARN_UNINITIALIZED_AUTOS = YES_AGGRESSIVE;
				GCC_WARN_UNUSED_FUNCTION = YES;
				GCC_WARN_UNUSED_VARIABLE = YES;
				IPHONEOS_DEPLOYMENT_TARGET = 15.0;
				MTL_ENABLE_DEBUG_INFO = NO;
				MTL_FAST_MATH = YES;
				SDKROOT = iphoneos;
				SWIFT_COMPILATION_MODE = wholemodule;
				SWIFT_OPTIMIZATION_LEVEL = "-O";
				VALIDATE_PRODUCT = YES;
			};
			name = Release;
		};
		88EB1C162899010D00BF7E8F /* Debug */ = {
			isa = XCBuildConfiguration;
			baseConfigurationReference = 1F4C9BF1AA48FA3FEA3DDD44 /* Pods-Demo.debug.xcconfig */;
			buildSettings = {
				ASSETCATALOG_COMPILER_APPICON_NAME = AppIcon;
				ASSETCATALOG_COMPILER_GLOBAL_ACCENT_COLOR_NAME = AccentColor;
				CLANG_ENABLE_MODULES = YES;
				CODE_SIGN_ENTITLEMENTS = Demo/Demo.entitlements;
				CODE_SIGN_STYLE = Automatic;
				CURRENT_PROJECT_VERSION = 1;
				DEVELOPMENT_ASSET_PATHS = "\"Demo/Preview Content\"";
				DEVELOPMENT_TEAM = 2WGYK8QPQM;
				ENABLE_PREVIEWS = YES;
				GENERATE_INFOPLIST_FILE = YES;
				INFOPLIST_FILE = Demo/Info.plist;
				INFOPLIST_KEY_NSUserTrackingUsageDescription = "需要追踪";
				INFOPLIST_KEY_UIApplicationSceneManifest_Generation = YES;
				INFOPLIST_KEY_UIApplicationSupportsIndirectInputEvents = YES;
				INFOPLIST_KEY_UILaunchScreen_Generation = YES;
				INFOPLIST_KEY_UISupportedInterfaceOrientations = UIInterfaceOrientationPortrait;
				INFOPLIST_KEY_UISupportedInterfaceOrientations_iPad = UIInterfaceOrientationPortrait;
				INFOPLIST_KEY_UISupportedInterfaceOrientations_iPhone = UIInterfaceOrientationPortrait;
				IPHONEOS_DEPLOYMENT_TARGET = 15.0;
				LD_RUNPATH_SEARCH_PATHS = (
					"$(inherited)",
					"@executable_path/Frameworks",
				);
				MARKETING_VERSION = 1.0;
				PRODUCT_BUNDLE_IDENTIFIER = com.tjgd.develop.mobilez.WiseTV.Demo;
				PRODUCT_NAME = "$(TARGET_NAME)";
				SWIFT_EMIT_LOC_STRINGS = YES;
				SWIFT_OBJC_BRIDGING_HEADER = "Demo/Demo-Bridging-Header.h";
				SWIFT_OPTIMIZATION_LEVEL = "-Onone";
				SWIFT_VERSION = 5.0;
				TARGETED_DEVICE_FAMILY = 1;
			};
			name = Debug;
		};
		88EB1C172899010D00BF7E8F /* Release */ = {
			isa = XCBuildConfiguration;
			baseConfigurationReference = 4893B7D761DB69FC61461B9F /* Pods-Demo.release.xcconfig */;
			buildSettings = {
				ASSETCATALOG_COMPILER_APPICON_NAME = AppIcon;
				ASSETCATALOG_COMPILER_GLOBAL_ACCENT_COLOR_NAME = AccentColor;
				CLANG_ENABLE_MODULES = YES;
				CODE_SIGN_ENTITLEMENTS = Demo/Demo.entitlements;
				CODE_SIGN_STYLE = Automatic;
				CURRENT_PROJECT_VERSION = 1;
				DEVELOPMENT_ASSET_PATHS = "\"Demo/Preview Content\"";
				DEVELOPMENT_TEAM = 2WGYK8QPQM;
				ENABLE_PREVIEWS = YES;
				GENERATE_INFOPLIST_FILE = YES;
				INFOPLIST_FILE = Demo/Info.plist;
				INFOPLIST_KEY_NSUserTrackingUsageDescription = "需要追踪";
				INFOPLIST_KEY_UIApplicationSceneManifest_Generation = YES;
				INFOPLIST_KEY_UIApplicationSupportsIndirectInputEvents = YES;
				INFOPLIST_KEY_UILaunchScreen_Generation = YES;
				INFOPLIST_KEY_UISupportedInterfaceOrientations = UIInterfaceOrientationPortrait;
				INFOPLIST_KEY_UISupportedInterfaceOrientations_iPad = UIInterfaceOrientationPortrait;
				INFOPLIST_KEY_UISupportedInterfaceOrientations_iPhone = UIInterfaceOrientationPortrait;
				IPHONEOS_DEPLOYMENT_TARGET = 15.0;
				LD_RUNPATH_SEARCH_PATHS = (
					"$(inherited)",
					"@executable_path/Frameworks",
				);
				MARKETING_VERSION = 1.0;
				PRODUCT_BUNDLE_IDENTIFIER = com.tjgd.develop.mobilez.WiseTV.Demo;
				PRODUCT_NAME = "$(TARGET_NAME)";
				SWIFT_EMIT_LOC_STRINGS = YES;
				SWIFT_OBJC_BRIDGING_HEADER = "Demo/Demo-Bridging-Header.h";
				SWIFT_VERSION = 5.0;
				TARGETED_DEVICE_FAMILY = 1;
			};
			name = Release;
		};
		88EB1C192899010D00BF7E8F /* Debug */ = {
			isa = XCBuildConfiguration;
			buildSettings = {
				ALWAYS_EMBED_SWIFT_STANDARD_LIBRARIES = YES;
				BUNDLE_LOADER = "$(TEST_HOST)";
				CODE_SIGN_STYLE = Automatic;
				CURRENT_PROJECT_VERSION = 1;
				DEVELOPMENT_TEAM = 2WGYK8QPQM;
				GENERATE_INFOPLIST_FILE = YES;
				IPHONEOS_DEPLOYMENT_TARGET = 15.5;
				MARKETING_VERSION = 1.0;
				PRODUCT_BUNDLE_IDENTIFIER = com.tjgd.develop.mobilez.WiseTV.DemoTests;
				PRODUCT_NAME = "$(TARGET_NAME)";
				SWIFT_EMIT_LOC_STRINGS = NO;
				SWIFT_VERSION = 5.0;
				TARGETED_DEVICE_FAMILY = "1,2";
				TEST_HOST = "$(BUILT_PRODUCTS_DIR)/Demo.app/Demo";
			};
			name = Debug;
		};
		88EB1C1A2899010D00BF7E8F /* Release */ = {
			isa = XCBuildConfiguration;
			buildSettings = {
				ALWAYS_EMBED_SWIFT_STANDARD_LIBRARIES = YES;
				BUNDLE_LOADER = "$(TEST_HOST)";
				CODE_SIGN_STYLE = Automatic;
				CURRENT_PROJECT_VERSION = 1;
				DEVELOPMENT_TEAM = 2WGYK8QPQM;
				GENERATE_INFOPLIST_FILE = YES;
				IPHONEOS_DEPLOYMENT_TARGET = 15.5;
				MARKETING_VERSION = 1.0;
				PRODUCT_BUNDLE_IDENTIFIER = com.tjgd.develop.mobilez.WiseTV.DemoTests;
				PRODUCT_NAME = "$(TARGET_NAME)";
				SWIFT_EMIT_LOC_STRINGS = NO;
				SWIFT_VERSION = 5.0;
				TARGETED_DEVICE_FAMILY = "1,2";
				TEST_HOST = "$(BUILT_PRODUCTS_DIR)/Demo.app/Demo";
			};
			name = Release;
		};
		88EB1C1C2899010D00BF7E8F /* Debug */ = {
			isa = XCBuildConfiguration;
			buildSettings = {
				ALWAYS_EMBED_SWIFT_STANDARD_LIBRARIES = YES;
				CODE_SIGN_STYLE = Automatic;
				CURRENT_PROJECT_VERSION = 1;
				DEVELOPMENT_TEAM = 2WGYK8QPQM;
				GENERATE_INFOPLIST_FILE = YES;
				MARKETING_VERSION = 1.0;
				PRODUCT_BUNDLE_IDENTIFIER = com.tjgd.develop.mobilez.WiseTV.DemoUITests;
				PRODUCT_NAME = "$(TARGET_NAME)";
				SWIFT_EMIT_LOC_STRINGS = NO;
				SWIFT_VERSION = 5.0;
				TARGETED_DEVICE_FAMILY = "1,2";
				TEST_TARGET_NAME = Demo;
			};
			name = Debug;
		};
		88EB1C1D2899010D00BF7E8F /* Release */ = {
			isa = XCBuildConfiguration;
			buildSettings = {
				ALWAYS_EMBED_SWIFT_STANDARD_LIBRARIES = YES;
				CODE_SIGN_STYLE = Automatic;
				CURRENT_PROJECT_VERSION = 1;
				DEVELOPMENT_TEAM = 2WGYK8QPQM;
				GENERATE_INFOPLIST_FILE = YES;
				MARKETING_VERSION = 1.0;
				PRODUCT_BUNDLE_IDENTIFIER = com.tjgd.develop.mobilez.WiseTV.DemoUITests;
				PRODUCT_NAME = "$(TARGET_NAME)";
				SWIFT_EMIT_LOC_STRINGS = NO;
				SWIFT_VERSION = 5.0;
				TARGETED_DEVICE_FAMILY = "1,2";
				TEST_TARGET_NAME = Demo;
			};
			name = Release;
		};
/* End XCBuildConfiguration section */

/* Begin XCConfigurationList section */
		88EB1BEC2899010B00BF7E8F /* Build configuration list for PBXProject "Demo" */ = {
			isa = XCConfigurationList;
			buildConfigurations = (
				88EB1C132899010D00BF7E8F /* Debug */,
				88EB1C142899010D00BF7E8F /* Release */,
			);
			defaultConfigurationIsVisible = 0;
			defaultConfigurationName = Release;
		};
		88EB1C152899010D00BF7E8F /* Build configuration list for PBXNativeTarget "Demo" */ = {
			isa = XCConfigurationList;
			buildConfigurations = (
				88EB1C162899010D00BF7E8F /* Debug */,
				88EB1C172899010D00BF7E8F /* Release */,
			);
			defaultConfigurationIsVisible = 0;
			defaultConfigurationName = Release;
		};
		88EB1C182899010D00BF7E8F /* Build configuration list for PBXNativeTarget "DemoTests" */ = {
			isa = XCConfigurationList;
			buildConfigurations = (
				88EB1C192899010D00BF7E8F /* Debug */,
				88EB1C1A2899010D00BF7E8F /* Release */,
			);
			defaultConfigurationIsVisible = 0;
			defaultConfigurationName = Release;
		};
		88EB1C1B2899010D00BF7E8F /* Build configuration list for PBXNativeTarget "DemoUITests" */ = {
			isa = XCConfigurationList;
			buildConfigurations = (
				88EB1C1C2899010D00BF7E8F /* Debug */,
				88EB1C1D2899010D00BF7E8F /* Release */,
			);
			defaultConfigurationIsVisible = 0;
			defaultConfigurationName = Release;
		};
/* End XCConfigurationList section */

/* Begin XCRemoteSwiftPackageReference section */
		88045A7128ACB3690088A69B /* XCRemoteSwiftPackageReference "WrappingHStack" */ = {
			isa = XCRemoteSwiftPackageReference;
			repositoryURL = "https://github.com/dkk/WrappingHStack";
			requirement = {
				kind = upToNextMajorVersion;
				minimumVersion = 2.0.0;
			};
		};
/* End XCRemoteSwiftPackageReference section */

/* Begin XCSwiftPackageProductDependency section */
		88045A7228ACB3690088A69B /* WrappingHStack */ = {
			isa = XCSwiftPackageProductDependency;
			package = 88045A7128ACB3690088A69B /* XCRemoteSwiftPackageReference "WrappingHStack" */;
			productName = WrappingHStack;
		};
/* End XCSwiftPackageProductDependency section */
	};
	rootObject = 88EB1BE92899010B00BF7E8F /* Project object */;
}
